Microsoft Visual Studio Solution File, Format Version 12.00
# Visual Studio Version 16
VisualStudioVersion = 16.0.30717.126
MinimumVisualStudioVersion = 10.0.40219.1
Project("{2150E333-8FDC-42A3-9474-1A3956D46DE8}") = "libs", "libs", "{6E5BF389-3D3F-4D74-9DD0-3B199CB529C5}"
	ProjectSection(SolutionItems) = preProject
		src\libs\Directory.Build.props = src\libs\Directory.Build.props
	EndProjectSection
EndProject
Project("{2150E333-8FDC-42A3-9474-1A3956D46DE8}") = "tests", "tests", "{9CAA231D-7BE1-46C9-ACD6-EB2E569CEBEA}"
	ProjectSection(SolutionItems) = preProject
		src\tests\Directory.Build.props = src\tests\Directory.Build.props
	EndProjectSection
EndProject
Project("{2150E333-8FDC-42A3-9474-1A3956D46DE8}") = "Solution Items", "Solution Items", "{94FE90BF-FA05-46C6-A207-6E454A236659}"
	ProjectSection(SolutionItems) = preProject
		.gitignore = .gitignore
		src\Directory.Build.props = src\Directory.Build.props
		.github\workflows\dotnet.yml = .github\workflows\dotnet.yml
		LICENSE = LICENSE
		README.md = README.md
	EndProjectSection
EndProject
Project("{9A19103F-16F7-4668-BE54-9A1E7A4F7556}") = "H.Searchers.WebSearchers", "src\libs\H.Searchers.WebSearchers\H.Searchers.WebSearchers.csproj", "{60D18BB8-4D3F-4FE9-90C1-F61030C1C077}"
EndProject
Project("{9A19103F-16F7-4668-BE54-9A1E7A4F7556}") = "H.Searchers.WebSearchers.IntegrationTests", "src\tests\H.Searchers.WebSearchers.IntegrationTests\H.Searchers.WebSearchers.IntegrationTests.csproj", "{E29AE0C3-A47B-4F8E-9DA4-1C6BED5AC1D2}"
EndProject
Global
	GlobalSection(SolutionConfigurationPlatforms) = preSolution
		Debug|Any CPU = Debug|Any CPU
		Release|Any CPU = Release|Any CPU
	EndGlobalSection
	GlobalSection(ProjectConfigurationPlatforms) = postSolution
		{60D18BB8-4D3F-4FE9-90C1-F61030C1C077}.Debug|Any CPU.ActiveCfg = Debug|Any CPU
		{60D18BB8-4D3F-4FE9-90C1-F61030C1C077}.Debug|Any CPU.Build.0 = Debug|Any CPU
		{60D18BB8-4D3F-4FE9-90C1-F61030C1C077}.Release|Any CPU.ActiveCfg = Release|Any CPU
		{60D18BB8-4D3F-4FE9-90C1-F61030C1C077}.Release|Any CPU.Build.0 = Release|Any CPU
		{E29AE0C3-A47B-4F8E-9DA4-1C6BED5AC1D2}.Debug|Any CPU.ActiveCfg = Debug|Any CPU
		{E29AE0C3-A47B-4F8E-9DA4-1C6BED5AC1D2}.Debug|Any CPU.Build.0 = Debug|Any CPU
		{E29AE0C3-A47B-4F8E-9DA4-1C6BED5AC1D2}.Release|Any CPU.ActiveCfg = Release|Any CPU
		{E29AE0C3-A47B-4F8E-9DA4-1C6BED5AC1D2}.Release|Any CPU.Build.0 = Release|Any CPU
	EndGlobalSection
	GlobalSection(SolutionProperties) = preSolution
		HideSolutionNode = FALSE
	EndGlobalSection
	GlobalSection(NestedProjects) = preSolution
		{60D18BB8-4D3F-4FE9-90C1-F61030C1C077} = {6E5BF389-3D3F-4D74-9DD0-3B199CB529C5}
		{E29AE0C3-A47B-4F8E-9DA4-1C6BED5AC1D2} = {9CAA231D-7BE1-46C9-ACD6-EB2E569CEBEA}
	EndGlobalSection
	GlobalSection(ExtensibilityGlobals) = postSolution
		SolutionGuid = {1493AEE4-9211-46E9-BFE6-8F629EAC5693}
	EndGlobalSection
EndGlobal
